
Microsoft Visual Studio Solution File, Format Version 12.00
# Visual Studio 2012
Project("{FAE04EC0-301F-11D3-BF4B-00C04F79EFBC}") = "Sparkle", "Sparkle\Sparkle.csproj", "{5B22F6E9-3675-42B5-9CAA-090BA39A5407}"
EndProject
Global
	GlobalSection(SolutionConfigurationPlatforms) = preSolution
		Debug|Any CPU = Debug|Any CPU
		Release|Any CPU = Release|Any CPU
	EndGlobalSection
	GlobalSection(ProjectConfigurationPlatforms) = postSolution
		{5B22F6E9-3675-42B5-9CAA-090BA39A5407}.Debug|Any CPU.ActiveCfg = Debug|Any CPU
		{5B22F6E9-3675-42B5-9CAA-090BA39A5407}.Debug|Any CPU.Build.0 = Debug|Any CPU
		{5B22F6E9-3675-42B5-9CAA-090BA39A5407}.Release|Any CPU.ActiveCfg = Release|Any CPU
		{5B22F6E9-3675-42B5-9CAA-090BA39A5407}.Release|Any CPU.Build.0 = Release|Any CPU
	EndGlobalSection
EndGlobal
